
Microsoft Visual Studio Solution File, Format Version 12.00
# Visual Studio Version 17
VisualStudioVersion = 17.3.32611.2
MinimumVisualStudioVersion = 10.0.40219.1
Project("{2150E333-8FDC-42A3-9474-1A3956D46DE8}") = "src", "src", "{42D7C3C4-1A33-430D-9694-E37AD0044933}"
EndProject
Project("{9A19103F-16F7-4668-BE54-9A1E7A4F7556}") = "TrimmedTodo.Console.EfCore.Sqlite", "src\TrimmedTodo.Console.EfCore.Sqlite\TrimmedTodo.Console.EfCore.Sqlite.csproj", "{257210C9-B9F1-488D-95A1-DE23E65401F3}"
EndProject
Project("{9A19103F-16F7-4668-BE54-9A1E7A4F7556}") = "TrimmedTodo.MinimalApi.EfCore.Sqlite", "src\TrimmedTodo.MinimalApi.EfCore.Sqlite\TrimmedTodo.MinimalApi.EfCore.Sqlite.csproj", "{1C36BAB2-8FE6-465C-9162-BBA800C4841C}"
EndProject
Project("{9A19103F-16F7-4668-BE54-9A1E7A4F7556}") = "TrimmedTodo.WebApi.EfCore.Sqlite", "src\TrimmedTodo.WebApi.EfCore.Sqlite\TrimmedTodo.WebApi.EfCore.Sqlite.csproj", "{C3F36F35-76AA-4490-91FD-03AC236B99AC}"
EndProject
Project("{2150E333-8FDC-42A3-9474-1A3956D46DE8}") = "Solution Items", "Solution Items", "{BB3579E6-DCBD-4CAB-9E19-1C93E51632F7}"
	ProjectSection(SolutionItems) = preProject
		.editorconfig = .editorconfig
		global.json = global.json
		nuget.config = nuget.config
	EndProjectSection
EndProject
Project("{9A19103F-16F7-4668-BE54-9A1E7A4F7556}") = "TrimmedTodo.ApiClient", "src\TrimmedTodo.ApiClient\TrimmedTodo.ApiClient.csproj", "{A503F0A9-28BA-4BD1-94C1-B01CBDD19553}"
EndProject
Project("{9A19103F-16F7-4668-BE54-9A1E7A4F7556}") = "TrimmedTodo.Worker", "src\TrimmedTodo.Worker\TrimmedTodo.Worker.csproj", "{0D22FB39-DB7B-459C-8606-5AE188C3961B}"
EndProject
Project("{9A19103F-16F7-4668-BE54-9A1E7A4F7556}") = "TrimmedTodo.Console.ApiClient", "src\TrimmedTodo.Console.ApiClient\TrimmedTodo.Console.ApiClient.csproj", "{2B6AA1B0-BD6B-415F-9F82-0C28C9A89465}"
EndProject
Project("{9A19103F-16F7-4668-BE54-9A1E7A4F7556}") = "HelloWorld.Console", "src\HelloWorld.Console\HelloWorld.Console.csproj", "{B59EAF71-EC94-4466-9F78-51DC3C63D757}"
EndProject
Project("{9A19103F-16F7-4668-BE54-9A1E7A4F7556}") = "HelloWorld.Web", "src\HelloWorld.Web\HelloWorld.Web.csproj", "{98EDBC8B-3120-4BF4-A253-B23D9ECB2C76}"
EndProject
Project("{9A19103F-16F7-4668-BE54-9A1E7A4F7556}") = "TrimmedTodo.MinimalApi.Dapper.Sqlite", "src\TrimmedTodo.MinimalApi.Dapper.Sqlite\TrimmedTodo.MinimalApi.Dapper.Sqlite.csproj", "{7DA5CA1C-14FD-48AA-AB69-387786707535}"
EndProject
Project("{2150E333-8FDC-42A3-9474-1A3956D46DE8}") = "tests", "tests", "{208008E4-35D7-43F6-8574-696AB9CC76A6}"
EndProject
Project("{9A19103F-16F7-4668-BE54-9A1E7A4F7556}") = "Benchmarks", "tests\Benchmarks\Benchmarks.csproj", "{234710A4-FE63-4E7E-8604-DF6AB9BA2657}"
EndProject
Project("{9A19103F-16F7-4668-BE54-9A1E7A4F7556}") = "HelloWorld.Web.Stripped", "src\HelloWorld.Web.Stripped\HelloWorld.Web.Stripped.csproj", "{873B34B9-075A-4A41-8E60-161E7CFF8828}"
EndProject
Project("{9A19103F-16F7-4668-BE54-9A1E7A4F7556}") = "TrimmedTodo.MinimalApi.Sqlite", "src\TrimmedTodo.MinimalApi.Sqlite\TrimmedTodo.MinimalApi.Sqlite.csproj", "{694295A5-DBBF-44A6-896B-EE904EEE9661}"
EndProject
Project("{9A19103F-16F7-4668-BE54-9A1E7A4F7556}") = "HelloWorld.HttpListener", "src\HelloWorld.HttpListener\HelloWorld.HttpListener.csproj", "{26CD72C3-DEA2-410E-A9B7-E04039E17DDB}"
EndProject
Project("{9A19103F-16F7-4668-BE54-9A1E7A4F7556}") = "HelloWorld.KestrelDirect", "src\HelloWorld.KestrelDirect\HelloWorld.KestrelDirect.csproj", "{F05AA1B7-567F-49B8-AFA3-E99D1F0FD565}"
EndProject
Project("{FAE04EC0-301F-11D3-BF4B-00C04F79EFBC}") = "Validation", "tests\Validation\Validation.csproj", "{91ACA06B-4E61-41AB-8B99-9FBCB4334419}"
EndProject
Global
	GlobalSection(SolutionConfigurationPlatforms) = preSolution
		Debug|Any CPU = Debug|Any CPU
		Release|Any CPU = Release|Any CPU
	EndGlobalSection
	GlobalSection(ProjectConfigurationPlatforms) = postSolution
		{257210C9-B9F1-488D-95A1-DE23E65401F3}.Debug|Any CPU.ActiveCfg = Debug|Any CPU
		{257210C9-B9F1-488D-95A1-DE23E65401F3}.Debug|Any CPU.Build.0 = Debug|Any CPU
		{257210C9-B9F1-488D-95A1-DE23E65401F3}.Release|Any CPU.ActiveCfg = Release|Any CPU
		{257210C9-B9F1-488D-95A1-DE23E65401F3}.Release|Any CPU.Build.0 = Release|Any CPU
		{1C36BAB2-8FE6-465C-9162-BBA800C4841C}.Debug|Any CPU.ActiveCfg = Debug|Any CPU
		{1C36BAB2-8FE6-465C-9162-BBA800C4841C}.Debug|Any CPU.Build.0 = Debug|Any CPU
		{1C36BAB2-8FE6-465C-9162-BBA800C4841C}.Release|Any CPU.ActiveCfg = Release|Any CPU
		{1C36BAB2-8FE6-465C-9162-BBA800C4841C}.Release|Any CPU.Build.0 = Release|Any CPU
		{C3F36F35-76AA-4490-91FD-03AC236B99AC}.Debug|Any CPU.ActiveCfg = Debug|Any CPU
		{C3F36F35-76AA-4490-91FD-03AC236B99AC}.Debug|Any CPU.Build.0 = Debug|Any CPU
		{C3F36F35-76AA-4490-91FD-03AC236B99AC}.Release|Any CPU.ActiveCfg = Release|Any CPU
		{C3F36F35-76AA-4490-91FD-03AC236B99AC}.Release|Any CPU.Build.0 = Release|Any CPU
		{A503F0A9-28BA-4BD1-94C1-B01CBDD19553}.Debug|Any CPU.ActiveCfg = Debug|Any CPU
		{A503F0A9-28BA-4BD1-94C1-B01CBDD19553}.Debug|Any CPU.Build.0 = Debug|Any CPU
		{A503F0A9-28BA-4BD1-94C1-B01CBDD19553}.Release|Any CPU.ActiveCfg = Release|Any CPU
		{A503F0A9-28BA-4BD1-94C1-B01CBDD19553}.Release|Any CPU.Build.0 = Release|Any CPU
		{0D22FB39-DB7B-459C-8606-5AE188C3961B}.Debug|Any CPU.ActiveCfg = Debug|Any CPU
		{0D22FB39-DB7B-459C-8606-5AE188C3961B}.Debug|Any CPU.Build.0 = Debug|Any CPU
		{0D22FB39-DB7B-459C-8606-5AE188C3961B}.Release|Any CPU.ActiveCfg = Release|Any CPU
		{0D22FB39-DB7B-459C-8606-5AE188C3961B}.Release|Any CPU.Build.0 = Release|Any CPU
		{2B6AA1B0-BD6B-415F-9F82-0C28C9A89465}.Debug|Any CPU.ActiveCfg = Debug|Any CPU
		{2B6AA1B0-BD6B-415F-9F82-0C28C9A89465}.Debug|Any CPU.Build.0 = Debug|Any CPU
		{2B6AA1B0-BD6B-415F-9F82-0C28C9A89465}.Release|Any CPU.ActiveCfg = Release|Any CPU
		{2B6AA1B0-BD6B-415F-9F82-0C28C9A89465}.Release|Any CPU.Build.0 = Release|Any CPU
		{B59EAF71-EC94-4466-9F78-51DC3C63D757}.Debug|Any CPU.ActiveCfg = Debug|Any CPU
		{B59EAF71-EC94-4466-9F78-51DC3C63D757}.Debug|Any CPU.Build.0 = Debug|Any CPU
		{B59EAF71-EC94-4466-9F78-51DC3C63D757}.Release|Any CPU.ActiveCfg = Release|Any CPU
		{B59EAF71-EC94-4466-9F78-51DC3C63D757}.Release|Any CPU.Build.0 = Release|Any CPU
		{98EDBC8B-3120-4BF4-A253-B23D9ECB2C76}.Debug|Any CPU.ActiveCfg = Debug|Any CPU
		{98EDBC8B-3120-4BF4-A253-B23D9ECB2C76}.Debug|Any CPU.Build.0 = Debug|Any CPU
		{98EDBC8B-3120-4BF4-A253-B23D9ECB2C76}.Release|Any CPU.ActiveCfg = Release|Any CPU
		{98EDBC8B-3120-4BF4-A253-B23D9ECB2C76}.Release|Any CPU.Build.0 = Release|Any CPU
		{7DA5CA1C-14FD-48AA-AB69-387786707535}.Debug|Any CPU.ActiveCfg = Debug|Any CPU
		{7DA5CA1C-14FD-48AA-AB69-387786707535}.Debug|Any CPU.Build.0 = Debug|Any CPU
		{7DA5CA1C-14FD-48AA-AB69-387786707535}.Release|Any CPU.ActiveCfg = Release|Any CPU
		{7DA5CA1C-14FD-48AA-AB69-387786707535}.Release|Any CPU.Build.0 = Release|Any CPU
		{234710A4-FE63-4E7E-8604-DF6AB9BA2657}.Debug|Any CPU.ActiveCfg = Debug|Any CPU
		{234710A4-FE63-4E7E-8604-DF6AB9BA2657}.Debug|Any CPU.Build.0 = Debug|Any CPU
		{234710A4-FE63-4E7E-8604-DF6AB9BA2657}.Release|Any CPU.ActiveCfg = Release|Any CPU
		{234710A4-FE63-4E7E-8604-DF6AB9BA2657}.Release|Any CPU.Build.0 = Release|Any CPU
		{873B34B9-075A-4A41-8E60-161E7CFF8828}.Debug|Any CPU.ActiveCfg = Debug|Any CPU
		{873B34B9-075A-4A41-8E60-161E7CFF8828}.Debug|Any CPU.Build.0 = Debug|Any CPU
		{873B34B9-075A-4A41-8E60-161E7CFF8828}.Release|Any CPU.ActiveCfg = Release|Any CPU
		{873B34B9-075A-4A41-8E60-161E7CFF8828}.Release|Any CPU.Build.0 = Release|Any CPU
		{694295A5-DBBF-44A6-896B-EE904EEE9661}.Debug|Any CPU.ActiveCfg = Debug|Any CPU
		{694295A5-DBBF-44A6-896B-EE904EEE9661}.Debug|Any CPU.Build.0 = Debug|Any CPU
		{694295A5-DBBF-44A6-896B-EE904EEE9661}.Release|Any CPU.ActiveCfg = Release|Any CPU
		{694295A5-DBBF-44A6-896B-EE904EEE9661}.Release|Any CPU.Build.0 = Release|Any CPU
		{26CD72C3-DEA2-410E-A9B7-E04039E17DDB}.Debug|Any CPU.ActiveCfg = Debug|Any CPU
		{26CD72C3-DEA2-410E-A9B7-E04039E17DDB}.Debug|Any CPU.Build.0 = Debug|Any CPU
		{26CD72C3-DEA2-410E-A9B7-E04039E17DDB}.Release|Any CPU.ActiveCfg = Release|Any CPU
		{26CD72C3-DEA2-410E-A9B7-E04039E17DDB}.Release|Any CPU.Build.0 = Release|Any CPU
		{F05AA1B7-567F-49B8-AFA3-E99D1F0FD565}.Debug|Any CPU.ActiveCfg = Debug|Any CPU
		{F05AA1B7-567F-49B8-AFA3-E99D1F0FD565}.Debug|Any CPU.Build.0 = Debug|Any CPU
		{F05AA1B7-567F-49B8-AFA3-E99D1F0FD565}.Release|Any CPU.ActiveCfg = Release|Any CPU
		{F05AA1B7-567F-49B8-AFA3-E99D1F0FD565}.Release|Any CPU.Build.0 = Release|Any CPU
		{91ACA06B-4E61-41AB-8B99-9FBCB4334419}.Debug|Any CPU.ActiveCfg = Debug|Any CPU
		{91ACA06B-4E61-41AB-8B99-9FBCB4334419}.Debug|Any CPU.Build.0 = Debug|Any CPU
		{91ACA06B-4E61-41AB-8B99-9FBCB4334419}.Release|Any CPU.ActiveCfg = Release|Any CPU
		{91ACA06B-4E61-41AB-8B99-9FBCB4334419}.Release|Any CPU.Build.0 = Release|Any CPU
	EndGlobalSection
	GlobalSection(SolutionProperties) = preSolution
		HideSolutionNode = FALSE
	EndGlobalSection
	GlobalSection(NestedProjects) = preSolution
		{257210C9-B9F1-488D-95A1-DE23E65401F3} = {42D7C3C4-1A33-430D-9694-E37AD0044933}
		{1C36BAB2-8FE6-465C-9162-BBA800C4841C} = {42D7C3C4-1A33-430D-9694-E37AD0044933}
		{C3F36F35-76AA-4490-91FD-03AC236B99AC} = {42D7C3C4-1A33-430D-9694-E37AD0044933}
		{A503F0A9-28BA-4BD1-94C1-B01CBDD19553} = {42D7C3C4-1A33-430D-9694-E37AD0044933}
		{0D22FB39-DB7B-459C-8606-5AE188C3961B} = {42D7C3C4-1A33-430D-9694-E37AD0044933}
		{2B6AA1B0-BD6B-415F-9F82-0C28C9A89465} = {42D7C3C4-1A33-430D-9694-E37AD0044933}
		{B59EAF71-EC94-4466-9F78-51DC3C63D757} = {42D7C3C4-1A33-430D-9694-E37AD0044933}
		{98EDBC8B-3120-4BF4-A253-B23D9ECB2C76} = {42D7C3C4-1A33-430D-9694-E37AD0044933}
		{7DA5CA1C-14FD-48AA-AB69-387786707535} = {42D7C3C4-1A33-430D-9694-E37AD0044933}
		{234710A4-FE63-4E7E-8604-DF6AB9BA2657} = {208008E4-35D7-43F6-8574-696AB9CC76A6}
		{873B34B9-075A-4A41-8E60-161E7CFF8828} = {42D7C3C4-1A33-430D-9694-E37AD0044933}
		{694295A5-DBBF-44A6-896B-EE904EEE9661} = {42D7C3C4-1A33-430D-9694-E37AD0044933}
		{26CD72C3-DEA2-410E-A9B7-E04039E17DDB} = {42D7C3C4-1A33-430D-9694-E37AD0044933}
		{F05AA1B7-567F-49B8-AFA3-E99D1F0FD565} = {42D7C3C4-1A33-430D-9694-E37AD0044933}
		{91ACA06B-4E61-41AB-8B99-9FBCB4334419} = {208008E4-35D7-43F6-8574-696AB9CC76A6}
	EndGlobalSection
	GlobalSection(ExtensibilityGlobals) = postSolution
		SolutionGuid = {CCCB8893-DE28-4FD3-BE73-91FE054A9D2A}
	EndGlobalSection
EndGlobal
